// !$*UTF8*$!
{
	archiveVersion = 1;
	classes = {
	};
	objectVersion = 46;
	objects = {

/* Begin PBXBuildFile section */
		77A9B67F195374490016654E /* QueryKit.h in Headers */ = {isa = PBXBuildFile; fileRef = 77A9B67E195374490016654E /* QueryKit.h */; settings = {ATTRIBUTES = (Public, ); }; };
		77A9B685195374490016654E /* QueryKit.framework in Frameworks */ = {isa = PBXBuildFile; fileRef = 77A9B679195374490016654E /* QueryKit.framework */; };
		77A9B68C195374490016654E /* QueryKitTests.swift in Sources */ = {isa = PBXBuildFile; fileRef = 77A9B68B195374490016654E /* QueryKitTests.swift */; };
		77A9B698195374AA0016654E /* QueryKit.swift in Sources */ = {isa = PBXBuildFile; fileRef = 77A9B697195374AA0016654E /* QueryKit.swift */; };
		77B17B8519A94C9100D6540D /* QKAttribute.h in Headers */ = {isa = PBXBuildFile; fileRef = 77B17B8319A94C9100D6540D /* QKAttribute.h */; settings = {ATTRIBUTES = (Public, ); }; };
		77B17B8619A94C9100D6540D /* QKAttribute.m in Sources */ = {isa = PBXBuildFile; fileRef = 77B17B8419A94C9100D6540D /* QKAttribute.m */; };
		77B17B8819A94D2C00D6540D /* QKAttribute.swift in Sources */ = {isa = PBXBuildFile; fileRef = 77B17B8719A94D2C00D6540D /* QKAttribute.swift */; };
		77B17B8B19A94D4C00D6540D /* QKAttributeTests.swift in Sources */ = {isa = PBXBuildFile; fileRef = 77B17B8A19A94D4C00D6540D /* QKAttributeTests.swift */; };
		77E3A05D1969C019009372A8 /* QuerySet.swift in Sources */ = {isa = PBXBuildFile; fileRef = 77E3A05C1969C019009372A8 /* QuerySet.swift */; };
		77E3A05F1969C047009372A8 /* QuerySetTests.swift in Sources */ = {isa = PBXBuildFile; fileRef = 77E3A05E1969C047009372A8 /* QuerySetTests.swift */; };
		77E3A0611969DDF5009372A8 /* Expression.swift in Sources */ = {isa = PBXBuildFile; fileRef = 77E3A0601969DDF5009372A8 /* Expression.swift */; };
		77E3A0631969E003009372A8 /* ExpressionTests.swift in Sources */ = {isa = PBXBuildFile; fileRef = 77E3A0621969E003009372A8 /* ExpressionTests.swift */; };
		77E8728119539C0900A6F13F /* Attribute.swift in Sources */ = {isa = PBXBuildFile; fileRef = 77E8728019539C0900A6F13F /* Attribute.swift */; };
		77E8728319539C2A00A6F13F /* AttributeTests.swift in Sources */ = {isa = PBXBuildFile; fileRef = 77E8728219539C2A00A6F13F /* AttributeTests.swift */; };
		77E8728519539FC000A6F13F /* PredicateTests.swift in Sources */ = {isa = PBXBuildFile; fileRef = 77E8728419539FC000A6F13F /* PredicateTests.swift */; };
		77E8728719539FD200A6F13F /* Predicate.swift in Sources */ = {isa = PBXBuildFile; fileRef = 77E8728619539FD200A6F13F /* Predicate.swift */; };
/* End PBXBuildFile section */

/* Begin PBXContainerItemProxy section */
		772A282A196C8D7800992BAB /* PBXContainerItemProxy */ = {
			isa = PBXContainerItemProxy;
			containerPortal = 77A9B66E1953742F0016654E /* Project object */;
			proxyType = 1;
			remoteGlobalIDString = 77A9B678195374490016654E;
			remoteInfo = QueryKit;
		};
		77A9B686195374490016654E /* PBXContainerItemProxy */ = {
			isa = PBXContainerItemProxy;
			containerPortal = 77A9B66E1953742F0016654E /* Project object */;
			proxyType = 1;
			remoteGlobalIDString = 77A9B678195374490016654E;
			remoteInfo = QueryKit;
		};
		77A9B6931953744A0016654E /* PBXContainerItemProxy */ = {
			isa = PBXContainerItemProxy;
			containerPortal = 77A9B66E1953742F0016654E /* Project object */;
			proxyType = 1;
			remoteGlobalIDString = 77A9B678195374490016654E;
			remoteInfo = QueryKit;
		};
		77A9B6951953744A0016654E /* PBXContainerItemProxy */ = {
			isa = PBXContainerItemProxy;
			containerPortal = 77A9B66E1953742F0016654E /* Project object */;
			proxyType = 1;
			remoteGlobalIDString = 77A9B678195374490016654E;
			remoteInfo = QueryKit;
		};
/* End PBXContainerItemProxy section */

/* Begin PBXFileReference section */
		77A9B679195374490016654E /* QueryKit.framework */ = {isa = PBXFileReference; explicitFileType = wrapper.framework; includeInIndex = 0; path = QueryKit.framework; sourceTree = BUILT_PRODUCTS_DIR; };
		77A9B67D195374490016654E /* Info.plist */ = {isa = PBXFileReference; lastKnownFileType = text.plist.xml; path = Info.plist; sourceTree = "<group>"; };
		77A9B67E195374490016654E /* QueryKit.h */ = {isa = PBXFileReference; lastKnownFileType = sourcecode.c.h; path = QueryKit.h; sourceTree = "<group>"; };
		77A9B684195374490016654E /* QueryKitTests.xctest */ = {isa = PBXFileReference; explicitFileType = wrapper.cfbundle; includeInIndex = 0; path = QueryKitTests.xctest; sourceTree = BUILT_PRODUCTS_DIR; };
		77A9B68A195374490016654E /* Info.plist */ = {isa = PBXFileReference; lastKnownFileType = text.plist.xml; path = Info.plist; sourceTree = "<group>"; };
		77A9B68B195374490016654E /* QueryKitTests.swift */ = {isa = PBXFileReference; lastKnownFileType = sourcecode.swift; path = QueryKitTests.swift; sourceTree = "<group>"; };
		77A9B697195374AA0016654E /* QueryKit.swift */ = {isa = PBXFileReference; fileEncoding = 4; lastKnownFileType = sourcecode.swift; path = QueryKit.swift; sourceTree = "<group>"; };
		77B17B8319A94C9100D6540D /* QKAttribute.h */ = {isa = PBXFileReference; fileEncoding = 4; lastKnownFileType = sourcecode.c.h; path = QKAttribute.h; sourceTree = "<group>"; };
		77B17B8419A94C9100D6540D /* QKAttribute.m */ = {isa = PBXFileReference; fileEncoding = 4; lastKnownFileType = sourcecode.c.objc; path = QKAttribute.m; sourceTree = "<group>"; };
		77B17B8719A94D2C00D6540D /* QKAttribute.swift */ = {isa = PBXFileReference; fileEncoding = 4; lastKnownFileType = sourcecode.swift; path = QKAttribute.swift; sourceTree = "<group>"; };
		77B17B8A19A94D4C00D6540D /* QKAttributeTests.swift */ = {isa = PBXFileReference; fileEncoding = 4; lastKnownFileType = sourcecode.swift; path = QKAttributeTests.swift; sourceTree = "<group>"; };
		77E3A05C1969C019009372A8 /* QuerySet.swift */ = {isa = PBXFileReference; fileEncoding = 4; lastKnownFileType = sourcecode.swift; path = QuerySet.swift; sourceTree = "<group>"; };
		77E3A05E1969C047009372A8 /* QuerySetTests.swift */ = {isa = PBXFileReference; fileEncoding = 4; lastKnownFileType = sourcecode.swift; path = QuerySetTests.swift; sourceTree = "<group>"; };
		77E3A0601969DDF5009372A8 /* Expression.swift */ = {isa = PBXFileReference; fileEncoding = 4; lastKnownFileType = sourcecode.swift; path = Expression.swift; sourceTree = "<group>"; };
		77E3A0621969E003009372A8 /* ExpressionTests.swift */ = {isa = PBXFileReference; fileEncoding = 4; lastKnownFileType = sourcecode.swift; path = ExpressionTests.swift; sourceTree = "<group>"; };
		77E8728019539C0900A6F13F /* Attribute.swift */ = {isa = PBXFileReference; fileEncoding = 4; lastKnownFileType = sourcecode.swift; path = Attribute.swift; sourceTree = "<group>"; };
		77E8728219539C2A00A6F13F /* AttributeTests.swift */ = {isa = PBXFileReference; fileEncoding = 4; lastKnownFileType = sourcecode.swift; path = AttributeTests.swift; sourceTree = "<group>"; };
		77E8728419539FC000A6F13F /* PredicateTests.swift */ = {isa = PBXFileReference; fileEncoding = 4; lastKnownFileType = sourcecode.swift; path = PredicateTests.swift; sourceTree = "<group>"; };
		77E8728619539FD200A6F13F /* Predicate.swift */ = {isa = PBXFileReference; fileEncoding = 4; lastKnownFileType = sourcecode.swift; path = Predicate.swift; sourceTree = "<group>"; };
/* End PBXFileReference section */

/* Begin PBXFrameworksBuildPhase section */
		77A9B675195374490016654E /* Frameworks */ = {
			isa = PBXFrameworksBuildPhase;
			buildActionMask = 2147483647;
			files = (
			);
			runOnlyForDeploymentPostprocessing = 0;
		};
		77A9B681195374490016654E /* Frameworks */ = {
			isa = PBXFrameworksBuildPhase;
			buildActionMask = 2147483647;
			files = (
				77A9B685195374490016654E /* QueryKit.framework in Frameworks */,
			);
			runOnlyForDeploymentPostprocessing = 0;
		};
/* End PBXFrameworksBuildPhase section */

/* Begin PBXGroup section */
		77A9B66D1953742F0016654E = {
			isa = PBXGroup;
			children = (
				77A9B67B195374490016654E /* QueryKit */,
				77A9B688195374490016654E /* QueryKitTests */,
				77A9B67A195374490016654E /* Products */,
			);
			sourceTree = "<group>";
		};
		77A9B67A195374490016654E /* Products */ = {
			isa = PBXGroup;
			children = (
				77A9B679195374490016654E /* QueryKit.framework */,
				77A9B684195374490016654E /* QueryKitTests.xctest */,
			);
			name = Products;
			sourceTree = "<group>";
		};
		77A9B67B195374490016654E /* QueryKit */ = {
			isa = PBXGroup;
			children = (
				77A9B67E195374490016654E /* QueryKit.h */,
				77A9B697195374AA0016654E /* QueryKit.swift */,
				77E3A05C1969C019009372A8 /* QuerySet.swift */,
				77E8728019539C0900A6F13F /* Attribute.swift */,
				77E3A0601969DDF5009372A8 /* Expression.swift */,
				77E8728619539FD200A6F13F /* Predicate.swift */,
				77B17B8219A94C9100D6540D /* ObjectiveC */,
				77A9B67C195374490016654E /* Supporting Files */,
			);
			path = QueryKit;
			sourceTree = "<group>";
		};
		77A9B67C195374490016654E /* Supporting Files */ = {
			isa = PBXGroup;
			children = (
				77A9B67D195374490016654E /* Info.plist */,
			);
			name = "Supporting Files";
			sourceTree = "<group>";
		};
		77A9B688195374490016654E /* QueryKitTests */ = {
			isa = PBXGroup;
			children = (
				77A9B68B195374490016654E /* QueryKitTests.swift */,
				77E3A05E1969C047009372A8 /* QuerySetTests.swift */,
				77E3A0621969E003009372A8 /* ExpressionTests.swift */,
				77E8728219539C2A00A6F13F /* AttributeTests.swift */,
				77B17B8919A94D4C00D6540D /* ObjectiveC */,
				77A9B689195374490016654E /* Supporting Files */,
			);
			path = QueryKitTests;
			sourceTree = "<group>";
		};
		77A9B689195374490016654E /* Supporting Files */ = {
			isa = PBXGroup;
			children = (
				77E8728419539FC000A6F13F /* PredicateTests.swift */,
				77A9B68A195374490016654E /* Info.plist */,
			);
			name = "Supporting Files";
			sourceTree = "<group>";
		};
		77B17B8219A94C9100D6540D /* ObjectiveC */ = {
			isa = PBXGroup;
			children = (
				77B17B8319A94C9100D6540D /* QKAttribute.h */,
				77B17B8419A94C9100D6540D /* QKAttribute.m */,
				77B17B8719A94D2C00D6540D /* QKAttribute.swift */,
			);
			path = ObjectiveC;
			sourceTree = "<group>";
		};
		77B17B8919A94D4C00D6540D /* ObjectiveC */ = {
			isa = PBXGroup;
			children = (
				77B17B8A19A94D4C00D6540D /* QKAttributeTests.swift */,
			);
			path = ObjectiveC;
			sourceTree = "<group>";
		};
/* End PBXGroup section */

/* Begin PBXHeadersBuildPhase section */
		77A9B676195374490016654E /* Headers */ = {
			isa = PBXHeadersBuildPhase;
			buildActionMask = 2147483647;
			files = (
				77A9B67F195374490016654E /* QueryKit.h in Headers */,
				77B17B8519A94C9100D6540D /* QKAttribute.h in Headers */,
			);
			runOnlyForDeploymentPostprocessing = 0;
		};
/* End PBXHeadersBuildPhase section */

/* Begin PBXNativeTarget section */
		77A9B678195374490016654E /* QueryKit */ = {
			isa = PBXNativeTarget;
			buildConfigurationList = 77A9B68D195374490016654E /* Build configuration list for PBXNativeTarget "QueryKit" */;
			buildPhases = (
				77A9B674195374490016654E /* Sources */,
				77A9B675195374490016654E /* Frameworks */,
				77A9B676195374490016654E /* Headers */,
				77A9B677195374490016654E /* Resources */,
			);
			buildRules = (
			);
			dependencies = (
			);
			name = QueryKit;
			productName = QueryKit;
			productReference = 77A9B679195374490016654E /* QueryKit.framework */;
			productType = "com.apple.product-type.framework";
		};
		77A9B683195374490016654E /* QueryKitTests */ = {
			isa = PBXNativeTarget;
			buildConfigurationList = 77A9B690195374490016654E /* Build configuration list for PBXNativeTarget "QueryKitTests" */;
			buildPhases = (
				77A9B680195374490016654E /* Sources */,
				77A9B681195374490016654E /* Frameworks */,
				77A9B682195374490016654E /* Resources */,
			);
			buildRules = (
			);
			dependencies = (
				77A9B687195374490016654E /* PBXTargetDependency */,
				77A9B6941953744A0016654E /* PBXTargetDependency */,
				77A9B6961953744A0016654E /* PBXTargetDependency */,
				772A282B196C8D7800992BAB /* PBXTargetDependency */,
			);
			name = QueryKitTests;
			productName = QueryKitTests;
			productReference = 77A9B684195374490016654E /* QueryKitTests.xctest */;
			productType = "com.apple.product-type.bundle.unit-test";
		};
/* End PBXNativeTarget section */

/* Begin PBXProject section */
		77A9B66E1953742F0016654E /* Project object */ = {
			isa = PBXProject;
			attributes = {
				LastUpgradeCheck = 0600;
				TargetAttributes = {
					77A9B678195374490016654E = {
						CreatedOnToolsVersion = 6.0;
					};
					77A9B683195374490016654E = {
						CreatedOnToolsVersion = 6.0;
						TestTargetID = 77A9B678195374490016654E;
					};
				};
			};
			buildConfigurationList = 77A9B6711953742F0016654E /* Build configuration list for PBXProject "QueryKit" */;
			compatibilityVersion = "Xcode 3.2";
			developmentRegion = English;
			hasScannedForEncodings = 0;
			knownRegions = (
				en,
			);
			mainGroup = 77A9B66D1953742F0016654E;
			productRefGroup = 77A9B67A195374490016654E /* Products */;
			projectDirPath = "";
			projectRoot = "";
			targets = (
				77A9B678195374490016654E /* QueryKit */,
				77A9B683195374490016654E /* QueryKitTests */,
			);
		};
/* End PBXProject section */

/* Begin PBXResourcesBuildPhase section */
		77A9B677195374490016654E /* Resources */ = {
			isa = PBXResourcesBuildPhase;
			buildActionMask = 2147483647;
			files = (
			);
			runOnlyForDeploymentPostprocessing = 0;
		};
		77A9B682195374490016654E /* Resources */ = {
			isa = PBXResourcesBuildPhase;
			buildActionMask = 2147483647;
			files = (
			);
			runOnlyForDeploymentPostprocessing = 0;
		};
/* End PBXResourcesBuildPhase section */

/* Begin PBXSourcesBuildPhase section */
		77A9B674195374490016654E /* Sources */ = {
			isa = PBXSourcesBuildPhase;
			buildActionMask = 2147483647;
			files = (
				77E8728119539C0900A6F13F /* Attribute.swift in Sources */,
				77E8728719539FD200A6F13F /* Predicate.swift in Sources */,
				77B17B8619A94C9100D6540D /* QKAttribute.m in Sources */,
				77B17B8819A94D2C00D6540D /* QKAttribute.swift in Sources */,
				77A9B698195374AA0016654E /* QueryKit.swift in Sources */,
				77E3A05D1969C019009372A8 /* QuerySet.swift in Sources */,
				77E3A0611969DDF5009372A8 /* Expression.swift in Sources */,
			);
			runOnlyForDeploymentPostprocessing = 0;
		};
		77A9B680195374490016654E /* Sources */ = {
			isa = PBXSourcesBuildPhase;
			buildActionMask = 2147483647;
			files = (
				77B17B8B19A94D4C00D6540D /* QKAttributeTests.swift in Sources */,
				77E8728319539C2A00A6F13F /* AttributeTests.swift in Sources */,
				77A9B68C195374490016654E /* QueryKitTests.swift in Sources */,
				77E3A05F1969C047009372A8 /* QuerySetTests.swift in Sources */,
				77E8728519539FC000A6F13F /* PredicateTests.swift in Sources */,
				77E3A0631969E003009372A8 /* ExpressionTests.swift in Sources */,
			);
			runOnlyForDeploymentPostprocessing = 0;
		};
/* End PBXSourcesBuildPhase section */

/* Begin PBXTargetDependency section */
		772A282B196C8D7800992BAB /* PBXTargetDependency */ = {
			isa = PBXTargetDependency;
			target = 77A9B678195374490016654E /* QueryKit */;
			targetProxy = 772A282A196C8D7800992BAB /* PBXContainerItemProxy */;
		};
		77A9B687195374490016654E /* PBXTargetDependency */ = {
			isa = PBXTargetDependency;
			target = 77A9B678195374490016654E /* QueryKit */;
			targetProxy = 77A9B686195374490016654E /* PBXContainerItemProxy */;
		};
		77A9B6941953744A0016654E /* PBXTargetDependency */ = {
			isa = PBXTargetDependency;
			target = 77A9B678195374490016654E /* QueryKit */;
			targetProxy = 77A9B6931953744A0016654E /* PBXContainerItemProxy */;
		};
		77A9B6961953744A0016654E /* PBXTargetDependency */ = {
			isa = PBXTargetDependency;
			target = 77A9B678195374490016654E /* QueryKit */;
			targetProxy = 77A9B6951953744A0016654E /* PBXContainerItemProxy */;
		};
/* End PBXTargetDependency section */

/* Begin XCBuildConfiguration section */
		77A9B6721953742F0016654E /* Debug */ = {
			isa = XCBuildConfiguration;
			buildSettings = {
			};
			name = Debug;
		};
		77A9B6731953742F0016654E /* Release */ = {
			isa = XCBuildConfiguration;
			buildSettings = {
			};
			name = Release;
		};
		77A9B68E195374490016654E /* Debug */ = {
			isa = XCBuildConfiguration;
			buildSettings = {
				ALWAYS_SEARCH_USER_PATHS = NO;
				CLANG_CXX_LANGUAGE_STANDARD = "gnu++0x";
				CLANG_CXX_LIBRARY = "libc++";
				CLANG_ENABLE_MODULES = YES;
				CLANG_ENABLE_OBJC_ARC = YES;
				CLANG_WARN_BOOL_CONVERSION = YES;
				CLANG_WARN_CONSTANT_CONVERSION = YES;
				CLANG_WARN_DIRECT_OBJC_ISA_USAGE = YES_ERROR;
				CLANG_WARN_EMPTY_BODY = YES;
				CLANG_WARN_ENUM_CONVERSION = YES;
				CLANG_WARN_INT_CONVERSION = YES;
				CLANG_WARN_OBJC_ROOT_CLASS = YES_ERROR;
				CLANG_WARN_UNREACHABLE_CODE = YES;
				CLANG_WARN__DUPLICATE_METHOD_MATCH = YES;
				COMBINE_HIDPI_IMAGES = YES;
				COPY_PHASE_STRIP = NO;
				CURRENT_PROJECT_VERSION = 1;
				DEFINES_MODULE = YES;
				DYLIB_COMPATIBILITY_VERSION = 1;
				DYLIB_CURRENT_VERSION = 1;
				DYLIB_INSTALL_NAME_BASE = "@rpath";
				ENABLE_STRICT_OBJC_MSGSEND = YES;
				FRAMEWORK_VERSION = A;
				GCC_C_LANGUAGE_STANDARD = gnu99;
				GCC_DYNAMIC_NO_PIC = NO;
				GCC_OPTIMIZATION_LEVEL = 0;
				GCC_PREPROCESSOR_DEFINITIONS = (
					"DEBUG=1",
					"$(inherited)",
				);
				GCC_SYMBOLS_PRIVATE_EXTERN = NO;
				GCC_WARN_64_TO_32_BIT_CONVERSION = YES;
				GCC_WARN_ABOUT_RETURN_TYPE = YES_ERROR;
				GCC_WARN_UNDECLARED_SELECTOR = YES;
				GCC_WARN_UNINITIALIZED_AUTOS = YES_AGGRESSIVE;
				GCC_WARN_UNUSED_FUNCTION = YES;
				GCC_WARN_UNUSED_VARIABLE = YES;
				INFOPLIST_FILE = QueryKit/Info.plist;
				INSTALL_PATH = "$(LOCAL_LIBRARY_DIR)/Frameworks";
				LD_RUNPATH_SEARCH_PATHS = "$(inherited) @executable_path/../Frameworks @loader_path/../Frameworks";
				MACOSX_DEPLOYMENT_TARGET = 10.10;
				METAL_ENABLE_DEBUG_INFO = YES;
				ONLY_ACTIVE_ARCH = YES;
				PRODUCT_NAME = "$(TARGET_NAME)";
				SDKROOT = macosx;
				SKIP_INSTALL = YES;
				SWIFT_OPTIMIZATION_LEVEL = "-Onone";
				VERSIONING_SYSTEM = "apple-generic";
				VERSION_INFO_PREFIX = "";
			};
			name = Debug;
		};
		77A9B68F195374490016654E /* Release */ = {
			isa = XCBuildConfiguration;
			buildSettings = {
				ALWAYS_SEARCH_USER_PATHS = NO;
				CLANG_CXX_LANGUAGE_STANDARD = "gnu++0x";
				CLANG_CXX_LIBRARY = "libc++";
				CLANG_ENABLE_MODULES = YES;
				CLANG_ENABLE_OBJC_ARC = YES;
				CLANG_WARN_BOOL_CONVERSION = YES;
				CLANG_WARN_CONSTANT_CONVERSION = YES;
				CLANG_WARN_DIRECT_OBJC_ISA_USAGE = YES_ERROR;
				CLANG_WARN_EMPTY_BODY = YES;
				CLANG_WARN_ENUM_CONVERSION = YES;
				CLANG_WARN_INT_CONVERSION = YES;
				CLANG_WARN_OBJC_ROOT_CLASS = YES_ERROR;
				CLANG_WARN_UNREACHABLE_CODE = YES;
				CLANG_WARN__DUPLICATE_METHOD_MATCH = YES;
				COMBINE_HIDPI_IMAGES = YES;
				COPY_PHASE_STRIP = YES;
				CURRENT_PROJECT_VERSION = 1;
				DEBUG_INFORMATION_FORMAT = "dwarf-with-dsym";
				DEFINES_MODULE = YES;
				DYLIB_COMPATIBILITY_VERSION = 1;
				DYLIB_CURRENT_VERSION = 1;
				DYLIB_INSTALL_NAME_BASE = "@rpath";
				ENABLE_NS_ASSERTIONS = NO;
				ENABLE_STRICT_OBJC_MSGSEND = YES;
				FRAMEWORK_VERSION = A;
				GCC_C_LANGUAGE_STANDARD = gnu99;
				GCC_WARN_64_TO_32_BIT_CONVERSION = YES;
				GCC_WARN_ABOUT_RETURN_TYPE = YES_ERROR;
				GCC_WARN_UNDECLARED_SELECTOR = YES;
				GCC_WARN_UNINITIALIZED_AUTOS = YES_AGGRESSIVE;
				GCC_WARN_UNUSED_FUNCTION = YES;
				GCC_WARN_UNUSED_VARIABLE = YES;
				INFOPLIST_FILE = QueryKit/Info.plist;
				INSTALL_PATH = "$(LOCAL_LIBRARY_DIR)/Frameworks";
				LD_RUNPATH_SEARCH_PATHS = "$(inherited) @executable_path/../Frameworks @loader_path/../Frameworks";
				MACOSX_DEPLOYMENT_TARGET = 10.10;
				METAL_ENABLE_DEBUG_INFO = NO;
				PRODUCT_NAME = "$(TARGET_NAME)";
				SDKROOT = macosx;
				SKIP_INSTALL = YES;
				VERSIONING_SYSTEM = "apple-generic";
				VERSION_INFO_PREFIX = "";
			};
			name = Release;
		};
		77A9B691195374490016654E /* Debug */ = {
			isa = XCBuildConfiguration;
			buildSettings = {
				ALWAYS_SEARCH_USER_PATHS = NO;
				CLANG_CXX_LANGUAGE_STANDARD = "gnu++0x";
				CLANG_CXX_LIBRARY = "libc++";
				CLANG_ENABLE_MODULES = YES;
				CLANG_ENABLE_OBJC_ARC = YES;
				CLANG_WARN_BOOL_CONVERSION = YES;
				CLANG_WARN_CONSTANT_CONVERSION = YES;
				CLANG_WARN_DIRECT_OBJC_ISA_USAGE = YES_ERROR;
				CLANG_WARN_EMPTY_BODY = YES;
				CLANG_WARN_ENUM_CONVERSION = YES;
				CLANG_WARN_INT_CONVERSION = YES;
				CLANG_WARN_OBJC_ROOT_CLASS = YES_ERROR;
				CLANG_WARN_UNREACHABLE_CODE = YES;
				CLANG_WARN__DUPLICATE_METHOD_MATCH = YES;
				COMBINE_HIDPI_IMAGES = YES;
				COPY_PHASE_STRIP = NO;
				ENABLE_STRICT_OBJC_MSGSEND = YES;
				FRAMEWORK_SEARCH_PATHS = (
					"$(DEVELOPER_FRAMEWORKS_DIR)",
					"$(inherited)",
				);
				GCC_C_LANGUAGE_STANDARD = gnu99;
				GCC_DYNAMIC_NO_PIC = NO;
				GCC_OPTIMIZATION_LEVEL = 0;
				GCC_PREPROCESSOR_DEFINITIONS = (
					"DEBUG=1",
					"$(inherited)",
				);
				GCC_SYMBOLS_PRIVATE_EXTERN = NO;
				GCC_WARN_64_TO_32_BIT_CONVERSION = YES;
				GCC_WARN_ABOUT_RETURN_TYPE = YES_ERROR;
				GCC_WARN_UNDECLARED_SELECTOR = YES;
				GCC_WARN_UNINITIALIZED_AUTOS = YES_AGGRESSIVE;
				GCC_WARN_UNUSED_FUNCTION = YES;
				GCC_WARN_UNUSED_VARIABLE = YES;
				INFOPLIST_FILE = QueryKitTests/Info.plist;
				LD_RUNPATH_SEARCH_PATHS = "$(inherited) @executable_path/../Frameworks @loader_path/../Frameworks";
				MACOSX_DEPLOYMENT_TARGET = 10.10;
				METAL_ENABLE_DEBUG_INFO = YES;
				ONLY_ACTIVE_ARCH = YES;
				PRODUCT_NAME = "$(TARGET_NAME)";
				SDKROOT = macosx;
				SWIFT_OPTIMIZATION_LEVEL = "-Onone";
			};
			name = Debug;
		};
		77A9B692195374490016654E /* Release */ = {
			isa = XCBuildConfiguration;
			buildSettings = {
				ALWAYS_SEARCH_USER_PATHS = NO;
				CLANG_CXX_LANGUAGE_STANDARD = "gnu++0x";
				CLANG_CXX_LIBRARY = "libc++";
				CLANG_ENABLE_MODULES = YES;
				CLANG_ENABLE_OBJC_ARC = YES;
				CLANG_WARN_BOOL_CONVERSION = YES;
				CLANG_WARN_CONSTANT_CONVERSION = YES;
				CLANG_WARN_DIRECT_OBJC_ISA_USAGE = YES_ERROR;
				CLANG_WARN_EMPTY_BODY = YES;
				CLANG_WARN_ENUM_CONVERSION = YES;
				CLANG_WARN_INT_CONVERSION = YES;
				CLANG_WARN_OBJC_ROOT_CLASS = YES_ERROR;
				CLANG_WARN_UNREACHABLE_CODE = YES;
				CLANG_WARN__DUPLICATE_METHOD_MATCH = YES;
				COMBINE_HIDPI_IMAGES = YES;
				COPY_PHASE_STRIP = YES;
				DEBUG_INFORMATION_FORMAT = "dwarf-with-dsym";
				ENABLE_NS_ASSERTIONS = NO;
				ENABLE_STRICT_OBJC_MSGSEND = YES;
				FRAMEWORK_SEARCH_PATHS = (
					"$(DEVELOPER_FRAMEWORKS_DIR)",
					"$(inherited)",
				);
				GCC_C_LANGUAGE_STANDARD = gnu99;
				GCC_WARN_64_TO_32_BIT_CONVERSION = YES;
				GCC_WARN_ABOUT_RETURN_TYPE = YES_ERROR;
				GCC_WARN_UNDECLARED_SELECTOR = YES;
				GCC_WARN_UNINITIALIZED_AUTOS = YES_AGGRESSIVE;
				GCC_WARN_UNUSED_FUNCTION = YES;
				GCC_WARN_UNUSED_VARIABLE = YES;
				INFOPLIST_FILE = QueryKitTests/Info.plist;
				LD_RUNPATH_SEARCH_PATHS = "$(inherited) @executable_path/../Frameworks @loader_path/../Frameworks";
				MACOSX_DEPLOYMENT_TARGET = 10.10;
				METAL_ENABLE_DEBUG_INFO = NO;
				PRODUCT_NAME = "$(TARGET_NAME)";
				SDKROOT = macosx;
			};
			name = Release;
		};
/* End XCBuildConfiguration section */

/* Begin XCConfigurationList section */
		77A9B6711953742F0016654E /* Build configuration list for PBXProject "QueryKit" */ = {
			isa = XCConfigurationList;
			buildConfigurations = (
				77A9B6721953742F0016654E /* Debug */,
				77A9B6731953742F0016654E /* Release */,
			);
			defaultConfigurationIsVisible = 0;
			defaultConfigurationName = Release;
		};
		77A9B68D195374490016654E /* Build configuration list for PBXNativeTarget "QueryKit" */ = {
			isa = XCConfigurationList;
			buildConfigurations = (
				77A9B68E195374490016654E /* Debug */,
				77A9B68F195374490016654E /* Release */,
			);
			defaultConfigurationIsVisible = 0;
			defaultConfigurationName = Release;
		};
		77A9B690195374490016654E /* Build configuration list for PBXNativeTarget "QueryKitTests" */ = {
			isa = XCConfigurationList;
			buildConfigurations = (
				77A9B691195374490016654E /* Debug */,
				77A9B692195374490016654E /* Release */,
			);
			defaultConfigurationIsVisible = 0;
			defaultConfigurationName = Release;
		};
/* End XCConfigurationList section */
	};
	rootObject = 77A9B66E1953742F0016654E /* Project object */;
}
